// !$*UTF8*$!
{
	archiveVersion = 1;
	classes = {
	};
	objectVersion = 48;
	objects = {

/* Begin PBXBuildFile section */
		795997E15950346E54F8E7FF /* Pods_Eat.framework in Frameworks */ = {isa = PBXBuildFile; fileRef = AF9B31F77D99EB6CC4E6816D /* Pods_Eat.framework */; };
		7FC40C4A1A586544C4162912 /* Pods_EatUITests.framework in Frameworks */ = {isa = PBXBuildFile; fileRef = BA55BB637A5AE4E79D6FA796 /* Pods_EatUITests.framework */; };
		9D6380EA20B1DE9500350C4D /* GoogleService-Info.plist in Resources */ = {isa = PBXBuildFile; fileRef = 9D6380E920B1DE9500350C4D /* GoogleService-Info.plist */; };
		9D6380EB20B1DE9500350C4D /* GoogleService-Info.plist in Resources */ = {isa = PBXBuildFile; fileRef = 9D6380E920B1DE9500350C4D /* GoogleService-Info.plist */; };
		9D6380EC20B1DE9500350C4D /* GoogleService-Info.plist in Resources */ = {isa = PBXBuildFile; fileRef = 9D6380E920B1DE9500350C4D /* GoogleService-Info.plist */; };
		9D6380EE20B1E01000350C4D /* AViewController.swift in Sources */ = {isa = PBXBuildFile; fileRef = 9D6380ED20B1E01000350C4D /* AViewController.swift */; };
		9D6380EF20B1E01000350C4D /* AViewController.swift in Sources */ = {isa = PBXBuildFile; fileRef = 9D6380ED20B1E01000350C4D /* AViewController.swift */; };
		9D6380F020B1E01000350C4D /* AViewController.swift in Sources */ = {isa = PBXBuildFile; fileRef = 9D6380ED20B1E01000350C4D /* AViewController.swift */; };
		9D6380F220B1E01A00350C4D /* BViewController.swift in Sources */ = {isa = PBXBuildFile; fileRef = 9D6380F120B1E01A00350C4D /* BViewController.swift */; };
		9D6380F320B1E01A00350C4D /* BViewController.swift in Sources */ = {isa = PBXBuildFile; fileRef = 9D6380F120B1E01A00350C4D /* BViewController.swift */; };
		9D6380F420B1E01B00350C4D /* BViewController.swift in Sources */ = {isa = PBXBuildFile; fileRef = 9D6380F120B1E01A00350C4D /* BViewController.swift */; };
		9D6380F620B1E02300350C4D /* CViewController.swift in Sources */ = {isa = PBXBuildFile; fileRef = 9D6380F520B1E02300350C4D /* CViewController.swift */; };
		9D6380F720B1E02300350C4D /* CViewController.swift in Sources */ = {isa = PBXBuildFile; fileRef = 9D6380F520B1E02300350C4D /* CViewController.swift */; };
		9D6380F820B1E02300350C4D /* CViewController.swift in Sources */ = {isa = PBXBuildFile; fileRef = 9D6380F520B1E02300350C4D /* CViewController.swift */; };
		9D6380FA20B1E03100350C4D /* DViewController.swift in Sources */ = {isa = PBXBuildFile; fileRef = 9D6380F920B1E03100350C4D /* DViewController.swift */; };
		9D6380FB20B1E03100350C4D /* DViewController.swift in Sources */ = {isa = PBXBuildFile; fileRef = 9D6380F920B1E03100350C4D /* DViewController.swift */; };
		9D6380FC20B1E03100350C4D /* DViewController.swift in Sources */ = {isa = PBXBuildFile; fileRef = 9D6380F920B1E03100350C4D /* DViewController.swift */; };
		9D6380FE20B1E03D00350C4D /* EViewController.swift in Sources */ = {isa = PBXBuildFile; fileRef = 9D6380FD20B1E03D00350C4D /* EViewController.swift */; };
		9D6380FF20B1E03D00350C4D /* EViewController.swift in Sources */ = {isa = PBXBuildFile; fileRef = 9D6380FD20B1E03D00350C4D /* EViewController.swift */; };
		9D63810020B1E03D00350C4D /* EViewController.swift in Sources */ = {isa = PBXBuildFile; fileRef = 9D6380FD20B1E03D00350C4D /* EViewController.swift */; };
		9D63810220B1E04600350C4D /* PurchaseViewController.swift in Sources */ = {isa = PBXBuildFile; fileRef = 9D63810120B1E04600350C4D /* PurchaseViewController.swift */; };
		9D63810320B1E04600350C4D /* PurchaseViewController.swift in Sources */ = {isa = PBXBuildFile; fileRef = 9D63810120B1E04600350C4D /* PurchaseViewController.swift */; };
		9D63810420B1E04600350C4D /* PurchaseViewController.swift in Sources */ = {isa = PBXBuildFile; fileRef = 9D63810120B1E04600350C4D /* PurchaseViewController.swift */; };
		9D63810620B1E05700350C4D /* HomeViewController.swift in Sources */ = {isa = PBXBuildFile; fileRef = 9D63810520B1E05700350C4D /* HomeViewController.swift */; };
		9D63810720B1E05700350C4D /* HomeViewController.swift in Sources */ = {isa = PBXBuildFile; fileRef = 9D63810520B1E05700350C4D /* HomeViewController.swift */; };
		9D63810820B1E05700350C4D /* HomeViewController.swift in Sources */ = {isa = PBXBuildFile; fileRef = 9D63810520B1E05700350C4D /* HomeViewController.swift */; };
		9D63810A20B1E05F00350C4D /* LogViewController.swift in Sources */ = {isa = PBXBuildFile; fileRef = 9D63810920B1E05F00350C4D /* LogViewController.swift */; };
		9D63810B20B1E05F00350C4D /* LogViewController.swift in Sources */ = {isa = PBXBuildFile; fileRef = 9D63810920B1E05F00350C4D /* LogViewController.swift */; };
		9D63810C20B1E05F00350C4D /* LogViewController.swift in Sources */ = {isa = PBXBuildFile; fileRef = 9D63810920B1E05F00350C4D /* LogViewController.swift */; };
		9D63810E20B1E06A00350C4D /* FoodsViewController.swift in Sources */ = {isa = PBXBuildFile; fileRef = 9D63810D20B1E06A00350C4D /* FoodsViewController.swift */; };
		9D63810F20B1E06A00350C4D /* FoodsViewController.swift in Sources */ = {isa = PBXBuildFile; fileRef = 9D63810D20B1E06A00350C4D /* FoodsViewController.swift */; };
		9D63811020B1E06A00350C4D /* FoodsViewController.swift in Sources */ = {isa = PBXBuildFile; fileRef = 9D63810D20B1E06A00350C4D /* FoodsViewController.swift */; };
		9D63811220B1E07500350C4D /* InsightsViewController.swift in Sources */ = {isa = PBXBuildFile; fileRef = 9D63811120B1E07500350C4D /* InsightsViewController.swift */; };
		9D63811320B1E07500350C4D /* InsightsViewController.swift in Sources */ = {isa = PBXBuildFile; fileRef = 9D63811120B1E07500350C4D /* InsightsViewController.swift */; };
		9D63811420B1E07500350C4D /* InsightsViewController.swift in Sources */ = {isa = PBXBuildFile; fileRef = 9D63811120B1E07500350C4D /* InsightsViewController.swift */; };
		9D63811620B1E96800350C4D /* FoodsTableViewCell.swift in Sources */ = {isa = PBXBuildFile; fileRef = 9D63811520B1E96800350C4D /* FoodsTableViewCell.swift */; };
		9D63811720B1E96800350C4D /* FoodsTableViewCell.swift in Sources */ = {isa = PBXBuildFile; fileRef = 9D63811520B1E96800350C4D /* FoodsTableViewCell.swift */; };
		9D63811820B1E96800350C4D /* FoodsTableViewCell.swift in Sources */ = {isa = PBXBuildFile; fileRef = 9D63811520B1E96800350C4D /* FoodsTableViewCell.swift */; };
		9D63811A20B1F23100350C4D /* SettingsViewController.swift in Sources */ = {isa = PBXBuildFile; fileRef = 9D63811920B1F23100350C4D /* SettingsViewController.swift */; };
		9D63811B20B1F23100350C4D /* SettingsViewController.swift in Sources */ = {isa = PBXBuildFile; fileRef = 9D63811920B1F23100350C4D /* SettingsViewController.swift */; };
		9D63811C20B1F23100350C4D /* SettingsViewController.swift in Sources */ = {isa = PBXBuildFile; fileRef = 9D63811920B1F23100350C4D /* SettingsViewController.swift */; };
		9D63811E20B1F27000350C4D /* LoginViewController.swift in Sources */ = {isa = PBXBuildFile; fileRef = 9D63811D20B1F27000350C4D /* LoginViewController.swift */; };
		9D63811F20B1F27000350C4D /* LoginViewController.swift in Sources */ = {isa = PBXBuildFile; fileRef = 9D63811D20B1F27000350C4D /* LoginViewController.swift */; };
		9D63812020B1F27000350C4D /* LoginViewController.swift in Sources */ = {isa = PBXBuildFile; fileRef = 9D63811D20B1F27000350C4D /* LoginViewController.swift */; };
		9D63812220B201C800350C4D /* StoreKit.framework in Frameworks */ = {isa = PBXBuildFile; fileRef = 9D63812120B201C800350C4D /* StoreKit.framework */; };
		9D694E6820B1DD5300AEED4E /* AppDelegate.swift in Sources */ = {isa = PBXBuildFile; fileRef = 9D694E6720B1DD5200AEED4E /* AppDelegate.swift */; };
		9D694E6A20B1DD5300AEED4E /* ViewController.swift in Sources */ = {isa = PBXBuildFile; fileRef = 9D694E6920B1DD5300AEED4E /* ViewController.swift */; };
		9D694E6D20B1DD5300AEED4E /* Main.storyboard in Resources */ = {isa = PBXBuildFile; fileRef = 9D694E6B20B1DD5300AEED4E /* Main.storyboard */; };
		9D694E6F20B1DD5300AEED4E /* Assets.xcassets in Resources */ = {isa = PBXBuildFile; fileRef = 9D694E6E20B1DD5300AEED4E /* Assets.xcassets */; };
		9D694E7220B1DD5300AEED4E /* LaunchScreen.storyboard in Resources */ = {isa = PBXBuildFile; fileRef = 9D694E7020B1DD5300AEED4E /* LaunchScreen.storyboard */; };
		9D694E7D20B1DD5300AEED4E /* EatTests.swift in Sources */ = {isa = PBXBuildFile; fileRef = 9D694E7C20B1DD5300AEED4E /* EatTests.swift */; };
		9D694E8820B1DD5300AEED4E /* EatUITests.swift in Sources */ = {isa = PBXBuildFile; fileRef = 9D694E8720B1DD5300AEED4E /* EatUITests.swift */; };
		9DBB8B3520B64F06004C36D1 /* BarCell.swift in Sources */ = {isa = PBXBuildFile; fileRef = 9DBB8B3420B64F06004C36D1 /* BarCell.swift */; };
		9DBB8B3620B64F06004C36D1 /* BarCell.swift in Sources */ = {isa = PBXBuildFile; fileRef = 9DBB8B3420B64F06004C36D1 /* BarCell.swift */; };
		9DBB8B3720B64F06004C36D1 /* BarCell.swift in Sources */ = {isa = PBXBuildFile; fileRef = 9DBB8B3420B64F06004C36D1 /* BarCell.swift */; };
		C3552F51131E596A3143D483 /* Pods_EatTests.framework in Frameworks */ = {isa = PBXBuildFile; fileRef = B9E85CEF3FB24BB9D7280F9A /* Pods_EatTests.framework */; };
/* End PBXBuildFile section */

/* Begin PBXContainerItemProxy section */
		9D694E7920B1DD5300AEED4E /* PBXContainerItemProxy */ = {
			isa = PBXContainerItemProxy;
			containerPortal = 9D694E5C20B1DD5200AEED4E /* Project object */;
			proxyType = 1;
			remoteGlobalIDString = 9D694E6320B1DD5200AEED4E;
			remoteInfo = Eat;
		};
		9D694E8420B1DD5300AEED4E /* PBXContainerItemProxy */ = {
			isa = PBXContainerItemProxy;
			containerPortal = 9D694E5C20B1DD5200AEED4E /* Project object */;
			proxyType = 1;
			remoteGlobalIDString = 9D694E6320B1DD5200AEED4E;
			remoteInfo = Eat;
		};
/* End PBXContainerItemProxy section */

/* Begin PBXFileReference section */
		0629D7E58B68C78B291C1CBC /* Pods-EatTests.debug.xcconfig */ = {isa = PBXFileReference; includeInIndex = 1; lastKnownFileType = text.xcconfig; name = "Pods-EatTests.debug.xcconfig"; path = "Pods/Target Support Files/Pods-EatTests/Pods-EatTests.debug.xcconfig"; sourceTree = "<group>"; };
		0A264F16ACEF0C97563464A1 /* Pods-Eat.debug.xcconfig */ = {isa = PBXFileReference; includeInIndex = 1; lastKnownFileType = text.xcconfig; name = "Pods-Eat.debug.xcconfig"; path = "Pods/Target Support Files/Pods-Eat/Pods-Eat.debug.xcconfig"; sourceTree = "<group>"; };
		440920310A024B6639C04C80 /* Pods-Eat.release.xcconfig */ = {isa = PBXFileReference; includeInIndex = 1; lastKnownFileType = text.xcconfig; name = "Pods-Eat.release.xcconfig"; path = "Pods/Target Support Files/Pods-Eat/Pods-Eat.release.xcconfig"; sourceTree = "<group>"; };
		645BA5FDB84ADDFFA0E8BB26 /* Pods-EatUITests.debug.xcconfig */ = {isa = PBXFileReference; includeInIndex = 1; lastKnownFileType = text.xcconfig; name = "Pods-EatUITests.debug.xcconfig"; path = "Pods/Target Support Files/Pods-EatUITests/Pods-EatUITests.debug.xcconfig"; sourceTree = "<group>"; };
		9D6380E920B1DE9500350C4D /* GoogleService-Info.plist */ = {isa = PBXFileReference; fileEncoding = 4; lastKnownFileType = text.plist.xml; path = "GoogleService-Info.plist"; sourceTree = "<group>"; };
		9D6380ED20B1E01000350C4D /* AViewController.swift */ = {isa = PBXFileReference; lastKnownFileType = sourcecode.swift; path = AViewController.swift; sourceTree = "<group>"; };
		9D6380F120B1E01A00350C4D /* BViewController.swift */ = {isa = PBXFileReference; lastKnownFileType = sourcecode.swift; path = BViewController.swift; sourceTree = "<group>"; };
		9D6380F520B1E02300350C4D /* CViewController.swift */ = {isa = PBXFileReference; lastKnownFileType = sourcecode.swift; path = CViewController.swift; sourceTree = "<group>"; };
		9D6380F920B1E03100350C4D /* DViewController.swift */ = {isa = PBXFileReference; lastKnownFileType = sourcecode.swift; path = DViewController.swift; sourceTree = "<group>"; };
		9D6380FD20B1E03D00350C4D /* EViewController.swift */ = {isa = PBXFileReference; lastKnownFileType = sourcecode.swift; path = EViewController.swift; sourceTree = "<group>"; };
		9D63810120B1E04600350C4D /* PurchaseViewController.swift */ = {isa = PBXFileReference; lastKnownFileType = sourcecode.swift; path = PurchaseViewController.swift; sourceTree = "<group>"; };
		9D63810520B1E05700350C4D /* HomeViewController.swift */ = {isa = PBXFileReference; lastKnownFileType = sourcecode.swift; path = HomeViewController.swift; sourceTree = "<group>"; };
		9D63810920B1E05F00350C4D /* LogViewController.swift */ = {isa = PBXFileReference; lastKnownFileType = sourcecode.swift; path = LogViewController.swift; sourceTree = "<group>"; };
		9D63810D20B1E06A00350C4D /* FoodsViewController.swift */ = {isa = PBXFileReference; lastKnownFileType = sourcecode.swift; path = FoodsViewController.swift; sourceTree = "<group>"; };
		9D63811120B1E07500350C4D /* InsightsViewController.swift */ = {isa = PBXFileReference; lastKnownFileType = sourcecode.swift; path = InsightsViewController.swift; sourceTree = "<group>"; };
		9D63811520B1E96800350C4D /* FoodsTableViewCell.swift */ = {isa = PBXFileReference; lastKnownFileType = sourcecode.swift; path = FoodsTableViewCell.swift; sourceTree = "<group>"; };
		9D63811920B1F23100350C4D /* SettingsViewController.swift */ = {isa = PBXFileReference; lastKnownFileType = sourcecode.swift; path = SettingsViewController.swift; sourceTree = "<group>"; };
		9D63811D20B1F27000350C4D /* LoginViewController.swift */ = {isa = PBXFileReference; lastKnownFileType = sourcecode.swift; path = LoginViewController.swift; sourceTree = "<group>"; };
		9D63812120B201C800350C4D /* StoreKit.framework */ = {isa = PBXFileReference; lastKnownFileType = wrapper.framework; name = StoreKit.framework; path = System/Library/Frameworks/StoreKit.framework; sourceTree = SDKROOT; };
		9D694E6420B1DD5200AEED4E /* Eat.app */ = {isa = PBXFileReference; explicitFileType = wrapper.application; includeInIndex = 0; path = Eat.app; sourceTree = BUILT_PRODUCTS_DIR; };
		9D694E6720B1DD5200AEED4E /* AppDelegate.swift */ = {isa = PBXFileReference; lastKnownFileType = sourcecode.swift; path = AppDelegate.swift; sourceTree = "<group>"; };
		9D694E6920B1DD5300AEED4E /* ViewController.swift */ = {isa = PBXFileReference; lastKnownFileType = sourcecode.swift; path = ViewController.swift; sourceTree = "<group>"; };
		9D694E6C20B1DD5300AEED4E /* Base */ = {isa = PBXFileReference; lastKnownFileType = file.storyboard; name = Base; path = Base.lproj/Main.storyboard; sourceTree = "<group>"; };
		9D694E6E20B1DD5300AEED4E /* Assets.xcassets */ = {isa = PBXFileReference; lastKnownFileType = folder.assetcatalog; path = Assets.xcassets; sourceTree = "<group>"; };
		9D694E7120B1DD5300AEED4E /* Base */ = {isa = PBXFileReference; lastKnownFileType = file.storyboard; name = Base; path = Base.lproj/LaunchScreen.storyboard; sourceTree = "<group>"; };
		9D694E7320B1DD5300AEED4E /* Info.plist */ = {isa = PBXFileReference; lastKnownFileType = text.plist.xml; path = Info.plist; sourceTree = "<group>"; };
		9D694E7820B1DD5300AEED4E /* EatTests.xctest */ = {isa = PBXFileReference; explicitFileType = wrapper.cfbundle; includeInIndex = 0; path = EatTests.xctest; sourceTree = BUILT_PRODUCTS_DIR; };
		9D694E7C20B1DD5300AEED4E /* EatTests.swift */ = {isa = PBXFileReference; lastKnownFileType = sourcecode.swift; path = EatTests.swift; sourceTree = "<group>"; };
		9D694E7E20B1DD5300AEED4E /* Info.plist */ = {isa = PBXFileReference; lastKnownFileType = text.plist.xml; path = Info.plist; sourceTree = "<group>"; };
		9D694E8320B1DD5300AEED4E /* EatUITests.xctest */ = {isa = PBXFileReference; explicitFileType = wrapper.cfbundle; includeInIndex = 0; path = EatUITests.xctest; sourceTree = BUILT_PRODUCTS_DIR; };
		9D694E8720B1DD5300AEED4E /* EatUITests.swift */ = {isa = PBXFileReference; lastKnownFileType = sourcecode.swift; path = EatUITests.swift; sourceTree = "<group>"; };
		9D694E8920B1DD5300AEED4E /* Info.plist */ = {isa = PBXFileReference; lastKnownFileType = text.plist.xml; path = Info.plist; sourceTree = "<group>"; };
		9DBB8B3420B64F06004C36D1 /* BarCell.swift */ = {isa = PBXFileReference; fileEncoding = 4; lastKnownFileType = sourcecode.swift; path = BarCell.swift; sourceTree = "<group>"; };
		A88B6C258942DD8C488A6364 /* Pods-EatTests.release.xcconfig */ = {isa = PBXFileReference; includeInIndex = 1; lastKnownFileType = text.xcconfig; name = "Pods-EatTests.release.xcconfig"; path = "Pods/Target Support Files/Pods-EatTests/Pods-EatTests.release.xcconfig"; sourceTree = "<group>"; };
		AF9B31F77D99EB6CC4E6816D /* Pods_Eat.framework */ = {isa = PBXFileReference; explicitFileType = wrapper.framework; includeInIndex = 0; path = Pods_Eat.framework; sourceTree = BUILT_PRODUCTS_DIR; };
		B9E85CEF3FB24BB9D7280F9A /* Pods_EatTests.framework */ = {isa = PBXFileReference; explicitFileType = wrapper.framework; includeInIndex = 0; path = Pods_EatTests.framework; sourceTree = BUILT_PRODUCTS_DIR; };
		BA55BB637A5AE4E79D6FA796 /* Pods_EatUITests.framework */ = {isa = PBXFileReference; explicitFileType = wrapper.framework; includeInIndex = 0; path = Pods_EatUITests.framework; sourceTree = BUILT_PRODUCTS_DIR; };
		C05C74C24C44575C922557BC /* Pods-EatUITests.release.xcconfig */ = {isa = PBXFileReference; includeInIndex = 1; lastKnownFileType = text.xcconfig; name = "Pods-EatUITests.release.xcconfig"; path = "Pods/Target Support Files/Pods-EatUITests/Pods-EatUITests.release.xcconfig"; sourceTree = "<group>"; };
/* End PBXFileReference section */

/* Begin PBXFrameworksBuildPhase section */
		9D694E6120B1DD5200AEED4E /* Frameworks */ = {
			isa = PBXFrameworksBuildPhase;
			buildActionMask = 2147483647;
			files = (
				795997E15950346E54F8E7FF /* Pods_Eat.framework in Frameworks */,
				9D63812220B201C800350C4D /* StoreKit.framework in Frameworks */,
			);
			runOnlyForDeploymentPostprocessing = 0;
		};
		9D694E7520B1DD5300AEED4E /* Frameworks */ = {
			isa = PBXFrameworksBuildPhase;
			buildActionMask = 2147483647;
			files = (
				C3552F51131E596A3143D483 /* Pods_EatTests.framework in Frameworks */,
			);
			runOnlyForDeploymentPostprocessing = 0;
		};
		9D694E8020B1DD5300AEED4E /* Frameworks */ = {
			isa = PBXFrameworksBuildPhase;
			buildActionMask = 2147483647;
			files = (
				7FC40C4A1A586544C4162912 /* Pods_EatUITests.framework in Frameworks */,
			);
			runOnlyForDeploymentPostprocessing = 0;
		};
/* End PBXFrameworksBuildPhase section */

/* Begin PBXGroup section */
		4013625E5B82F1CAA07EA3BE /* Pods */ = {
			isa = PBXGroup;
			children = (
				0A264F16ACEF0C97563464A1 /* Pods-Eat.debug.xcconfig */,
				440920310A024B6639C04C80 /* Pods-Eat.release.xcconfig */,
				0629D7E58B68C78B291C1CBC /* Pods-EatTests.debug.xcconfig */,
				A88B6C258942DD8C488A6364 /* Pods-EatTests.release.xcconfig */,
				645BA5FDB84ADDFFA0E8BB26 /* Pods-EatUITests.debug.xcconfig */,
				C05C74C24C44575C922557BC /* Pods-EatUITests.release.xcconfig */,
			);
			name = Pods;
			sourceTree = "<group>";
		};
		9D694E5B20B1DD5200AEED4E = {
			isa = PBXGroup;
			children = (
				9D694E6620B1DD5200AEED4E /* Eat */,
				9D694E7B20B1DD5300AEED4E /* EatTests */,
				9D694E8620B1DD5300AEED4E /* EatUITests */,
				9D694E6520B1DD5200AEED4E /* Products */,
				4013625E5B82F1CAA07EA3BE /* Pods */,
				D3D14CBD962151FCAE977A7E /* Frameworks */,
			);
			sourceTree = "<group>";
		};
		9D694E6520B1DD5200AEED4E /* Products */ = {
			isa = PBXGroup;
			children = (
				9D694E6420B1DD5200AEED4E /* Eat.app */,
				9D694E7820B1DD5300AEED4E /* EatTests.xctest */,
				9D694E8320B1DD5300AEED4E /* EatUITests.xctest */,
			);
			name = Products;
			sourceTree = "<group>";
		};
		9D694E6620B1DD5200AEED4E /* Eat */ = {
			isa = PBXGroup;
			children = (
				9D694E6720B1DD5200AEED4E /* AppDelegate.swift */,
				9D694E6920B1DD5300AEED4E /* ViewController.swift */,
				9D694E6B20B1DD5300AEED4E /* Main.storyboard */,
				9D6380ED20B1E01000350C4D /* AViewController.swift */,
				9D6380F120B1E01A00350C4D /* BViewController.swift */,
				9D6380F520B1E02300350C4D /* CViewController.swift */,
				9D6380F920B1E03100350C4D /* DViewController.swift */,
				9D63810120B1E04600350C4D /* PurchaseViewController.swift */,
				9D63810520B1E05700350C4D /* HomeViewController.swift */,
				9D63810920B1E05F00350C4D /* LogViewController.swift */,
				9D63810D20B1E06A00350C4D /* FoodsViewController.swift */,
				9D63811520B1E96800350C4D /* FoodsTableViewCell.swift */,
				9D63811120B1E07500350C4D /* InsightsViewController.swift */,
				9D63811D20B1F27000350C4D /* LoginViewController.swift */,
				9D63811920B1F23100350C4D /* SettingsViewController.swift */,
				9D6380FD20B1E03D00350C4D /* EViewController.swift */,
				9D694E6E20B1DD5300AEED4E /* Assets.xcassets */,
				9D694E7020B1DD5300AEED4E /* LaunchScreen.storyboard */,
				9D694E7320B1DD5300AEED4E /* Info.plist */,
				9D6380E920B1DE9500350C4D /* GoogleService-Info.plist */,
				9DBB8B3420B64F06004C36D1 /* BarCell.swift */,
			);
			path = Eat;
			sourceTree = "<group>";
		};
		9D694E7B20B1DD5300AEED4E /* EatTests */ = {
			isa = PBXGroup;
			children = (
				9D694E7C20B1DD5300AEED4E /* EatTests.swift */,
				9D694E7E20B1DD5300AEED4E /* Info.plist */,
			);
			path = EatTests;
			sourceTree = "<group>";
		};
		9D694E8620B1DD5300AEED4E /* EatUITests */ = {
			isa = PBXGroup;
			children = (
				9D694E8720B1DD5300AEED4E /* EatUITests.swift */,
				9D694E8920B1DD5300AEED4E /* Info.plist */,
			);
			path = EatUITests;
			sourceTree = "<group>";
		};
		D3D14CBD962151FCAE977A7E /* Frameworks */ = {
			isa = PBXGroup;
			children = (
				9D63812120B201C800350C4D /* StoreKit.framework */,
				AF9B31F77D99EB6CC4E6816D /* Pods_Eat.framework */,
				B9E85CEF3FB24BB9D7280F9A /* Pods_EatTests.framework */,
				BA55BB637A5AE4E79D6FA796 /* Pods_EatUITests.framework */,
			);
			name = Frameworks;
			sourceTree = "<group>";
		};
/* End PBXGroup section */

/* Begin PBXNativeTarget section */
		9D694E6320B1DD5200AEED4E /* Eat */ = {
			isa = PBXNativeTarget;
			buildConfigurationList = 9D694E8C20B1DD5300AEED4E /* Build configuration list for PBXNativeTarget "Eat" */;
			buildPhases = (
				F1BF2917E72DA79309FCEC5F /* [CP] Check Pods Manifest.lock */,
				9D694E6020B1DD5200AEED4E /* Sources */,
				9D694E6120B1DD5200AEED4E /* Frameworks */,
				9D694E6220B1DD5200AEED4E /* Resources */,
				38C9CC70F1A010E296BCC9D3 /* [CP] Embed Pods Frameworks */,
				CF54E164843E9B711124AF65 /* [CP] Copy Pods Resources */,
			);
			buildRules = (
			);
			dependencies = (
			);
			name = Eat;
			productName = Eat;
			productReference = 9D694E6420B1DD5200AEED4E /* Eat.app */;
			productType = "com.apple.product-type.application";
		};
		9D694E7720B1DD5300AEED4E /* EatTests */ = {
			isa = PBXNativeTarget;
			buildConfigurationList = 9D694E8F20B1DD5300AEED4E /* Build configuration list for PBXNativeTarget "EatTests" */;
			buildPhases = (
				5048857805451A63B7CD5D57 /* [CP] Check Pods Manifest.lock */,
				9D694E7420B1DD5300AEED4E /* Sources */,
				9D694E7520B1DD5300AEED4E /* Frameworks */,
				9D694E7620B1DD5300AEED4E /* Resources */,
				D0595F5DAE7A06B5DDF216C7 /* [CP] Embed Pods Frameworks */,
				CBD1F2C01683930AE78037C1 /* [CP] Copy Pods Resources */,
			);
			buildRules = (
			);
			dependencies = (
				9D694E7A20B1DD5300AEED4E /* PBXTargetDependency */,
			);
			name = EatTests;
			productName = EatTests;
			productReference = 9D694E7820B1DD5300AEED4E /* EatTests.xctest */;
			productType = "com.apple.product-type.bundle.unit-test";
		};
		9D694E8220B1DD5300AEED4E /* EatUITests */ = {
			isa = PBXNativeTarget;
			buildConfigurationList = 9D694E9220B1DD5300AEED4E /* Build configuration list for PBXNativeTarget "EatUITests" */;
			buildPhases = (
				74C5734496259C14F2D9C20B /* [CP] Check Pods Manifest.lock */,
				9D694E7F20B1DD5300AEED4E /* Sources */,
				9D694E8020B1DD5300AEED4E /* Frameworks */,
				9D694E8120B1DD5300AEED4E /* Resources */,
				95A04E77DFB006EF7F5A6C5A /* [CP] Embed Pods Frameworks */,
				F2CFDF4A614EB83162534CEA /* [CP] Copy Pods Resources */,
			);
			buildRules = (
			);
			dependencies = (
				9D694E8520B1DD5300AEED4E /* PBXTargetDependency */,
			);
			name = EatUITests;
			productName = EatUITests;
			productReference = 9D694E8320B1DD5300AEED4E /* EatUITests.xctest */;
			productType = "com.apple.product-type.bundle.ui-testing";
		};
/* End PBXNativeTarget section */

/* Begin PBXProject section */
		9D694E5C20B1DD5200AEED4E /* Project object */ = {
			isa = PBXProject;
			attributes = {
				LastSwiftUpdateCheck = 0920;
				LastUpgradeCheck = 0920;
				ORGANIZATIONNAME = "AA Tech";
				TargetAttributes = {
					9D694E6320B1DD5200AEED4E = {
						CreatedOnToolsVersion = 9.2;
						ProvisioningStyle = Automatic;
						SystemCapabilities = {
							com.apple.InAppPurchase = {
								enabled = 1;
							};
						};
					};
					9D694E7720B1DD5300AEED4E = {
						CreatedOnToolsVersion = 9.2;
						ProvisioningStyle = Automatic;
						TestTargetID = 9D694E6320B1DD5200AEED4E;
					};
					9D694E8220B1DD5300AEED4E = {
						CreatedOnToolsVersion = 9.2;
						ProvisioningStyle = Automatic;
						TestTargetID = 9D694E6320B1DD5200AEED4E;
					};
				};
			};
			buildConfigurationList = 9D694E5F20B1DD5200AEED4E /* Build configuration list for PBXProject "Eat" */;
			compatibilityVersion = "Xcode 8.0";
			developmentRegion = en;
			hasScannedForEncodings = 0;
			knownRegions = (
				en,
				Base,
			);
			mainGroup = 9D694E5B20B1DD5200AEED4E;
			productRefGroup = 9D694E6520B1DD5200AEED4E /* Products */;
			projectDirPath = "";
			projectRoot = "";
			targets = (
				9D694E6320B1DD5200AEED4E /* Eat */,
				9D694E7720B1DD5300AEED4E /* EatTests */,
				9D694E8220B1DD5300AEED4E /* EatUITests */,
			);
		};
/* End PBXProject section */

/* Begin PBXResourcesBuildPhase section */
		9D694E6220B1DD5200AEED4E /* Resources */ = {
			isa = PBXResourcesBuildPhase;
			buildActionMask = 2147483647;
			files = (
				9D694E7220B1DD5300AEED4E /* LaunchScreen.storyboard in Resources */,
				9D6380EA20B1DE9500350C4D /* GoogleService-Info.plist in Resources */,
				9D694E6F20B1DD5300AEED4E /* Assets.xcassets in Resources */,
				9D694E6D20B1DD5300AEED4E /* Main.storyboard in Resources */,
			);
			runOnlyForDeploymentPostprocessing = 0;
		};
		9D694E7620B1DD5300AEED4E /* Resources */ = {
			isa = PBXResourcesBuildPhase;
			buildActionMask = 2147483647;
			files = (
				9D6380EB20B1DE9500350C4D /* GoogleService-Info.plist in Resources */,
			);
			runOnlyForDeploymentPostprocessing = 0;
		};
		9D694E8120B1DD5300AEED4E /* Resources */ = {
			isa = PBXResourcesBuildPhase;
			buildActionMask = 2147483647;
			files = (
				9D6380EC20B1DE9500350C4D /* GoogleService-Info.plist in Resources */,
			);
			runOnlyForDeploymentPostprocessing = 0;
		};
/* End PBXResourcesBuildPhase section */

/* Begin PBXShellScriptBuildPhase section */
		38C9CC70F1A010E296BCC9D3 /* [CP] Embed Pods Frameworks */ = {
			isa = PBXShellScriptBuildPhase;
			buildActionMask = 2147483647;
			files = (
			);
			inputPaths = (
				"${SRCROOT}/Pods/Target Support Files/Pods-Eat/Pods-Eat-frameworks.sh",
				"${BUILT_PRODUCTS_DIR}/Bolts/Bolts.framework",
				"${BUILT_PRODUCTS_DIR}/FBSDKCoreKit/FBSDKCoreKit.framework",
				"${BUILT_PRODUCTS_DIR}/GTMSessionFetcher/GTMSessionFetcher.framework",
				"${BUILT_PRODUCTS_DIR}/GoogleToolboxForMac/GoogleToolboxForMac.framework",
				"${BUILT_PRODUCTS_DIR}/Protobuf/Protobuf.framework",
				"${BUILT_PRODUCTS_DIR}/SwiftyStoreKit/SwiftyStoreKit.framework",
				"${BUILT_PRODUCTS_DIR}/leveldb-library/leveldb.framework",
				"${BUILT_PRODUCTS_DIR}/nanopb/nanopb.framework",
			);
			name = "[CP] Embed Pods Frameworks";
			outputPaths = (
				"${TARGET_BUILD_DIR}/${FRAMEWORKS_FOLDER_PATH}/Bolts.framework",
				"${TARGET_BUILD_DIR}/${FRAMEWORKS_FOLDER_PATH}/FBSDKCoreKit.framework",
				"${TARGET_BUILD_DIR}/${FRAMEWORKS_FOLDER_PATH}/GTMSessionFetcher.framework",
				"${TARGET_BUILD_DIR}/${FRAMEWORKS_FOLDER_PATH}/GoogleToolboxForMac.framework",
				"${TARGET_BUILD_DIR}/${FRAMEWORKS_FOLDER_PATH}/Protobuf.framework",
				"${TARGET_BUILD_DIR}/${FRAMEWORKS_FOLDER_PATH}/SwiftyStoreKit.framework",
				"${TARGET_BUILD_DIR}/${FRAMEWORKS_FOLDER_PATH}/leveldb.framework",
				"${TARGET_BUILD_DIR}/${FRAMEWORKS_FOLDER_PATH}/nanopb.framework",
			);
			runOnlyForDeploymentPostprocessing = 0;
			shellPath = /bin/sh;
			shellScript = "\"${SRCROOT}/Pods/Target Support Files/Pods-Eat/Pods-Eat-frameworks.sh\"\n";
			showEnvVarsInLog = 0;
		};
		5048857805451A63B7CD5D57 /* [CP] Check Pods Manifest.lock */ = {
			isa = PBXShellScriptBuildPhase;
			buildActionMask = 2147483647;
			files = (
			);
			inputPaths = (
				"${PODS_PODFILE_DIR_PATH}/Podfile.lock",
				"${PODS_ROOT}/Manifest.lock",
			);
			name = "[CP] Check Pods Manifest.lock";
			outputPaths = (
				"$(DERIVED_FILE_DIR)/Pods-EatTests-checkManifestLockResult.txt",
			);
			runOnlyForDeploymentPostprocessing = 0;
			shellPath = /bin/sh;
			shellScript = "diff \"${PODS_PODFILE_DIR_PATH}/Podfile.lock\" \"${PODS_ROOT}/Manifest.lock\" > /dev/null\nif [ $? != 0 ] ; then\n    # print error to STDERR\n    echo \"error: The sandbox is not in sync with the Podfile.lock. Run 'pod install' or update your CocoaPods installation.\" >&2\n    exit 1\nfi\n# This output is used by Xcode 'outputs' to avoid re-running this script phase.\necho \"SUCCESS\" > \"${SCRIPT_OUTPUT_FILE_0}\"\n";
			showEnvVarsInLog = 0;
		};
		74C5734496259C14F2D9C20B /* [CP] Check Pods Manifest.lock */ = {
			isa = PBXShellScriptBuildPhase;
			buildActionMask = 2147483647;
			files = (
			);
			inputPaths = (
				"${PODS_PODFILE_DIR_PATH}/Podfile.lock",
				"${PODS_ROOT}/Manifest.lock",
			);
			name = "[CP] Check Pods Manifest.lock";
			outputPaths = (
				"$(DERIVED_FILE_DIR)/Pods-EatUITests-checkManifestLockResult.txt",
			);
			runOnlyForDeploymentPostprocessing = 0;
			shellPath = /bin/sh;
			shellScript = "diff \"${PODS_PODFILE_DIR_PATH}/Podfile.lock\" \"${PODS_ROOT}/Manifest.lock\" > /dev/null\nif [ $? != 0 ] ; then\n    # print error to STDERR\n    echo \"error: The sandbox is not in sync with the Podfile.lock. Run 'pod install' or update your CocoaPods installation.\" >&2\n    exit 1\nfi\n# This output is used by Xcode 'outputs' to avoid re-running this script phase.\necho \"SUCCESS\" > \"${SCRIPT_OUTPUT_FILE_0}\"\n";
			showEnvVarsInLog = 0;
		};
		95A04E77DFB006EF7F5A6C5A /* [CP] Embed Pods Frameworks */ = {
			isa = PBXShellScriptBuildPhase;
			buildActionMask = 2147483647;
			files = (
			);
			inputPaths = (
			);
			name = "[CP] Embed Pods Frameworks";
			outputPaths = (
			);
			runOnlyForDeploymentPostprocessing = 0;
			shellPath = /bin/sh;
			shellScript = "\"${SRCROOT}/Pods/Target Support Files/Pods-EatUITests/Pods-EatUITests-frameworks.sh\"\n";
			showEnvVarsInLog = 0;
		};
		CBD1F2C01683930AE78037C1 /* [CP] Copy Pods Resources */ = {
			isa = PBXShellScriptBuildPhase;
			buildActionMask = 2147483647;
			files = (
			);
			inputPaths = (
			);
			name = "[CP] Copy Pods Resources";
			outputPaths = (
			);
			runOnlyForDeploymentPostprocessing = 0;
			shellPath = /bin/sh;
			shellScript = "\"${SRCROOT}/Pods/Target Support Files/Pods-EatTests/Pods-EatTests-resources.sh\"\n";
			showEnvVarsInLog = 0;
		};
		CF54E164843E9B711124AF65 /* [CP] Copy Pods Resources */ = {
			isa = PBXShellScriptBuildPhase;
			buildActionMask = 2147483647;
			files = (
			);
			inputPaths = (
			);
			name = "[CP] Copy Pods Resources";
			outputPaths = (
			);
			runOnlyForDeploymentPostprocessing = 0;
			shellPath = /bin/sh;
			shellScript = "\"${SRCROOT}/Pods/Target Support Files/Pods-Eat/Pods-Eat-resources.sh\"\n";
			showEnvVarsInLog = 0;
		};
		D0595F5DAE7A06B5DDF216C7 /* [CP] Embed Pods Frameworks */ = {
			isa = PBXShellScriptBuildPhase;
			buildActionMask = 2147483647;
			files = (
			);
			inputPaths = (
			);
			name = "[CP] Embed Pods Frameworks";
			outputPaths = (
			);
			runOnlyForDeploymentPostprocessing = 0;
			shellPath = /bin/sh;
			shellScript = "\"${SRCROOT}/Pods/Target Support Files/Pods-EatTests/Pods-EatTests-frameworks.sh\"\n";
			showEnvVarsInLog = 0;
		};
		F1BF2917E72DA79309FCEC5F /* [CP] Check Pods Manifest.lock */ = {
			isa = PBXShellScriptBuildPhase;
			buildActionMask = 2147483647;
			files = (
			);
			inputPaths = (
				"${PODS_PODFILE_DIR_PATH}/Podfile.lock",
				"${PODS_ROOT}/Manifest.lock",
			);
			name = "[CP] Check Pods Manifest.lock";
			outputPaths = (
				"$(DERIVED_FILE_DIR)/Pods-Eat-checkManifestLockResult.txt",
			);
			runOnlyForDeploymentPostprocessing = 0;
			shellPath = /bin/sh;
			shellScript = "diff \"${PODS_PODFILE_DIR_PATH}/Podfile.lock\" \"${PODS_ROOT}/Manifest.lock\" > /dev/null\nif [ $? != 0 ] ; then\n    # print error to STDERR\n    echo \"error: The sandbox is not in sync with the Podfile.lock. Run 'pod install' or update your CocoaPods installation.\" >&2\n    exit 1\nfi\n# This output is used by Xcode 'outputs' to avoid re-running this script phase.\necho \"SUCCESS\" > \"${SCRIPT_OUTPUT_FILE_0}\"\n";
			showEnvVarsInLog = 0;
		};
		F2CFDF4A614EB83162534CEA /* [CP] Copy Pods Resources */ = {
			isa = PBXShellScriptBuildPhase;
			buildActionMask = 2147483647;
			files = (
			);
			inputPaths = (
			);
			name = "[CP] Copy Pods Resources";
			outputPaths = (
			);
			runOnlyForDeploymentPostprocessing = 0;
			shellPath = /bin/sh;
			shellScript = "\"${SRCROOT}/Pods/Target Support Files/Pods-EatUITests/Pods-EatUITests-resources.sh\"\n";
			showEnvVarsInLog = 0;
		};
/* End PBXShellScriptBuildPhase section */

/* Begin PBXSourcesBuildPhase section */
		9D694E6020B1DD5200AEED4E /* Sources */ = {
			isa = PBXSourcesBuildPhase;
			buildActionMask = 2147483647;
			files = (
				9D694E6A20B1DD5300AEED4E /* ViewController.swift in Sources */,
				9D63810A20B1E05F00350C4D /* LogViewController.swift in Sources */,
				9D63810220B1E04600350C4D /* PurchaseViewController.swift in Sources */,
				9D63811E20B1F27000350C4D /* LoginViewController.swift in Sources */,
				9D6380FA20B1E03100350C4D /* DViewController.swift in Sources */,
				9D6380F220B1E01A00350C4D /* BViewController.swift in Sources */,
				9D6380F620B1E02300350C4D /* CViewController.swift in Sources */,
				9D63810620B1E05700350C4D /* HomeViewController.swift in Sources */,
				9D63810E20B1E06A00350C4D /* FoodsViewController.swift in Sources */,
				9D6380EE20B1E01000350C4D /* AViewController.swift in Sources */,
				9D63811A20B1F23100350C4D /* SettingsViewController.swift in Sources */,
				9D694E6820B1DD5300AEED4E /* AppDelegate.swift in Sources */,
				9D63811620B1E96800350C4D /* FoodsTableViewCell.swift in Sources */,
				9DBB8B3520B64F06004C36D1 /* BarCell.swift in Sources */,
				9D6380FE20B1E03D00350C4D /* EViewController.swift in Sources */,
				9D63811220B1E07500350C4D /* InsightsViewController.swift in Sources */,
			);
			runOnlyForDeploymentPostprocessing = 0;
		};
		9D694E7420B1DD5300AEED4E /* Sources */ = {
			isa = PBXSourcesBuildPhase;
			buildActionMask = 2147483647;
			files = (
				9D63811F20B1F27000350C4D /* LoginViewController.swift in Sources */,
				9DBB8B3620B64F06004C36D1 /* BarCell.swift in Sources */,
				9D6380EF20B1E01000350C4D /* AViewController.swift in Sources */,
				9D63811720B1E96800350C4D /* FoodsTableViewCell.swift in Sources */,
				9D6380FB20B1E03100350C4D /* DViewController.swift in Sources */,
				9D6380F320B1E01A00350C4D /* BViewController.swift in Sources */,
				9D63810B20B1E05F00350C4D /* LogViewController.swift in Sources */,
				9D63810720B1E05700350C4D /* HomeViewController.swift in Sources */,
				9D63810320B1E04600350C4D /* PurchaseViewController.swift in Sources */,
				9D63811320B1E07500350C4D /* InsightsViewController.swift in Sources */,
				9D63810F20B1E06A00350C4D /* FoodsViewController.swift in Sources */,
				9D6380F720B1E02300350C4D /* CViewController.swift in Sources */,
				9D63811B20B1F23100350C4D /* SettingsViewController.swift in Sources */,
				9D6380FF20B1E03D00350C4D /* EViewController.swift in Sources */,
				9D694E7D20B1DD5300AEED4E /* EatTests.swift in Sources */,
			);
			runOnlyForDeploymentPostprocessing = 0;
		};
		9D694E7F20B1DD5300AEED4E /* Sources */ = {
			isa = PBXSourcesBuildPhase;
			buildActionMask = 2147483647;
			files = (
				9D63812020B1F27000350C4D /* LoginViewController.swift in Sources */,
				9DBB8B3720B64F06004C36D1 /* BarCell.swift in Sources */,
				9D6380F020B1E01000350C4D /* AViewController.swift in Sources */,
				9D63811820B1E96800350C4D /* FoodsTableViewCell.swift in Sources */,
				9D6380FC20B1E03100350C4D /* DViewController.swift in Sources */,
				9D6380F420B1E01B00350C4D /* BViewController.swift in Sources */,
				9D63810C20B1E05F00350C4D /* LogViewController.swift in Sources */,
				9D63810820B1E05700350C4D /* HomeViewController.swift in Sources */,
				9D63810420B1E04600350C4D /* PurchaseViewController.swift in Sources */,
				9D63811420B1E07500350C4D /* InsightsViewController.swift in Sources */,
				9D63811020B1E06A00350C4D /* FoodsViewController.swift in Sources */,
				9D6380F820B1E02300350C4D /* CViewController.swift in Sources */,
				9D63811C20B1F23100350C4D /* SettingsViewController.swift in Sources */,
				9D63810020B1E03D00350C4D /* EViewController.swift in Sources */,
				9D694E8820B1DD5300AEED4E /* EatUITests.swift in Sources */,
			);
			runOnlyForDeploymentPostprocessing = 0;
		};
/* End PBXSourcesBuildPhase section */

/* Begin PBXTargetDependency section */
		9D694E7A20B1DD5300AEED4E /* PBXTargetDependency */ = {
			isa = PBXTargetDependency;
			target = 9D694E6320B1DD5200AEED4E /* Eat */;
			targetProxy = 9D694E7920B1DD5300AEED4E /* PBXContainerItemProxy */;
		};
		9D694E8520B1DD5300AEED4E /* PBXTargetDependency */ = {
			isa = PBXTargetDependency;
			target = 9D694E6320B1DD5200AEED4E /* Eat */;
			targetProxy = 9D694E8420B1DD5300AEED4E /* PBXContainerItemProxy */;
		};
/* End PBXTargetDependency section */

/* Begin PBXVariantGroup section */
		9D694E6B20B1DD5300AEED4E /* Main.storyboard */ = {
			isa = PBXVariantGroup;
			children = (
				9D694E6C20B1DD5300AEED4E /* Base */,
			);
			name = Main.storyboard;
			sourceTree = "<group>";
		};
		9D694E7020B1DD5300AEED4E /* LaunchScreen.storyboard */ = {
			isa = PBXVariantGroup;
			children = (
				9D694E7120B1DD5300AEED4E /* Base */,
			);
			name = LaunchScreen.storyboard;
			sourceTree = "<group>";
		};
/* End PBXVariantGroup section */

/* Begin XCBuildConfiguration section */
		9D694E8A20B1DD5300AEED4E /* Debug */ = {
			isa = XCBuildConfiguration;
			buildSettings = {
				ALWAYS_SEARCH_USER_PATHS = NO;
				CLANG_ANALYZER_NONNULL = YES;
				CLANG_ANALYZER_NUMBER_OBJECT_CONVERSION = YES_AGGRESSIVE;
				CLANG_CXX_LANGUAGE_STANDARD = "gnu++14";
				CLANG_CXX_LIBRARY = "libc++";
				CLANG_ENABLE_MODULES = YES;
				CLANG_ENABLE_OBJC_ARC = YES;
				CLANG_WARN_BLOCK_CAPTURE_AUTORELEASING = YES;
				CLANG_WARN_BOOL_CONVERSION = YES;
				CLANG_WARN_COMMA = YES;
				CLANG_WARN_CONSTANT_CONVERSION = YES;
				CLANG_WARN_DIRECT_OBJC_ISA_USAGE = YES_ERROR;
				CLANG_WARN_DOCUMENTATION_COMMENTS = YES;
				CLANG_WARN_EMPTY_BODY = YES;
				CLANG_WARN_ENUM_CONVERSION = YES;
				CLANG_WARN_INFINITE_RECURSION = YES;
				CLANG_WARN_INT_CONVERSION = YES;
				CLANG_WARN_NON_LITERAL_NULL_CONVERSION = YES;
				CLANG_WARN_OBJC_LITERAL_CONVERSION = YES;
				CLANG_WARN_OBJC_ROOT_CLASS = YES_ERROR;
				CLANG_WARN_RANGE_LOOP_ANALYSIS = YES;
				CLANG_WARN_STRICT_PROTOTYPES = YES;
				CLANG_WARN_SUSPICIOUS_MOVE = YES;
				CLANG_WARN_UNGUARDED_AVAILABILITY = YES_AGGRESSIVE;
				CLANG_WARN_UNREACHABLE_CODE = YES;
				CLANG_WARN__DUPLICATE_METHOD_MATCH = YES;
				CODE_SIGN_IDENTITY = "iPhone Developer";
				COPY_PHASE_STRIP = NO;
				DEBUG_INFORMATION_FORMAT = dwarf;
				ENABLE_STRICT_OBJC_MSGSEND = YES;
				ENABLE_TESTABILITY = YES;
				GCC_C_LANGUAGE_STANDARD = gnu11;
				GCC_DYNAMIC_NO_PIC = NO;
				GCC_NO_COMMON_BLOCKS = YES;
				GCC_OPTIMIZATION_LEVEL = 0;
				GCC_PREPROCESSOR_DEFINITIONS = (
					"DEBUG=1",
					"$(inherited)",
				);
				GCC_WARN_64_TO_32_BIT_CONVERSION = YES;
				GCC_WARN_ABOUT_RETURN_TYPE = YES_ERROR;
				GCC_WARN_UNDECLARED_SELECTOR = YES;
				GCC_WARN_UNINITIALIZED_AUTOS = YES_AGGRESSIVE;
				GCC_WARN_UNUSED_FUNCTION = YES;
				GCC_WARN_UNUSED_VARIABLE = YES;
				IPHONEOS_DEPLOYMENT_TARGET = 11.2;
				MTL_ENABLE_DEBUG_INFO = YES;
				ONLY_ACTIVE_ARCH = YES;
				SDKROOT = iphoneos;
				SWIFT_ACTIVE_COMPILATION_CONDITIONS = DEBUG;
				SWIFT_OPTIMIZATION_LEVEL = "-Onone";
			};
			name = Debug;
		};
		9D694E8B20B1DD5300AEED4E /* Release */ = {
			isa = XCBuildConfiguration;
			buildSettings = {
				ALWAYS_SEARCH_USER_PATHS = NO;
				CLANG_ANALYZER_NONNULL = YES;
				CLANG_ANALYZER_NUMBER_OBJECT_CONVERSION = YES_AGGRESSIVE;
				CLANG_CXX_LANGUAGE_STANDARD = "gnu++14";
				CLANG_CXX_LIBRARY = "libc++";
				CLANG_ENABLE_MODULES = YES;
				CLANG_ENABLE_OBJC_ARC = YES;
				CLANG_WARN_BLOCK_CAPTURE_AUTORELEASING = YES;
				CLANG_WARN_BOOL_CONVERSION = YES;
				CLANG_WARN_COMMA = YES;
				CLANG_WARN_CONSTANT_CONVERSION = YES;
				CLANG_WARN_DIRECT_OBJC_ISA_USAGE = YES_ERROR;
				CLANG_WARN_DOCUMENTATION_COMMENTS = YES;
				CLANG_WARN_EMPTY_BODY = YES;
				CLANG_WARN_ENUM_CONVERSION = YES;
				CLANG_WARN_INFINITE_RECURSION = YES;
				CLANG_WARN_INT_CONVERSION = YES;
				CLANG_WARN_NON_LITERAL_NULL_CONVERSION = YES;
				CLANG_WARN_OBJC_LITERAL_CONVERSION = YES;
				CLANG_WARN_OBJC_ROOT_CLASS = YES_ERROR;
				CLANG_WARN_RANGE_LOOP_ANALYSIS = YES;
				CLANG_WARN_STRICT_PROTOTYPES = YES;
				CLANG_WARN_SUSPICIOUS_MOVE = YES;
				CLANG_WARN_UNGUARDED_AVAILABILITY = YES_AGGRESSIVE;
				CLANG_WARN_UNREACHABLE_CODE = YES;
				CLANG_WARN__DUPLICATE_METHOD_MATCH = YES;
				CODE_SIGN_IDENTITY = "iPhone Developer";
				COPY_PHASE_STRIP = NO;
				DEBUG_INFORMATION_FORMAT = "dwarf-with-dsym";
				ENABLE_NS_ASSERTIONS = NO;
				ENABLE_STRICT_OBJC_MSGSEND = YES;
				GCC_C_LANGUAGE_STANDARD = gnu11;
				GCC_NO_COMMON_BLOCKS = YES;
				GCC_WARN_64_TO_32_BIT_CONVERSION = YES;
				GCC_WARN_ABOUT_RETURN_TYPE = YES_ERROR;
				GCC_WARN_UNDECLARED_SELECTOR = YES;
				GCC_WARN_UNINITIALIZED_AUTOS = YES_AGGRESSIVE;
				GCC_WARN_UNUSED_FUNCTION = YES;
				GCC_WARN_UNUSED_VARIABLE = YES;
				IPHONEOS_DEPLOYMENT_TARGET = 11.2;
				MTL_ENABLE_DEBUG_INFO = NO;
				SDKROOT = iphoneos;
				SWIFT_OPTIMIZATION_LEVEL = "-Owholemodule";
				VALIDATE_PRODUCT = YES;
			};
			name = Release;
		};
		9D694E8D20B1DD5300AEED4E /* Debug */ = {
			isa = XCBuildConfiguration;
			baseConfigurationReference = 0A264F16ACEF0C97563464A1 /* Pods-Eat.debug.xcconfig */;
			buildSettings = {
				ASSETCATALOG_COMPILER_APPICON_NAME = "AppIcon-5";
				CODE_SIGN_STYLE = Automatic;
				DEVELOPMENT_TEAM = 797Q3HJ5U5;
				INFOPLIST_FILE = Eat/Info.plist;
				IPHONEOS_DEPLOYMENT_TARGET = 11.3;
				LD_RUNPATH_SEARCH_PATHS = "$(inherited) @executable_path/Frameworks";
				PRODUCT_BUNDLE_IDENTIFIER = com.aatech.Eat;
				PRODUCT_NAME = "$(TARGET_NAME)";
				SWIFT_VERSION = 4.0;
				TARGETED_DEVICE_FAMILY = "1,2";
			};
			name = Debug;
		};
		9D694E8E20B1DD5300AEED4E /* Release */ = {
			isa = XCBuildConfiguration;
			baseConfigurationReference = 440920310A024B6639C04C80 /* Pods-Eat.release.xcconfig */;
			buildSettings = {
				ASSETCATALOG_COMPILER_APPICON_NAME = "AppIcon-5";
				CODE_SIGN_STYLE = Automatic;
				DEVELOPMENT_TEAM = 797Q3HJ5U5;
				INFOPLIST_FILE = Eat/Info.plist;
				IPHONEOS_DEPLOYMENT_TARGET = 11.3;
				LD_RUNPATH_SEARCH_PATHS = "$(inherited) @executable_path/Frameworks";
				PRODUCT_BUNDLE_IDENTIFIER = com.aatech.Eat;
				PRODUCT_NAME = "$(TARGET_NAME)";
				SWIFT_VERSION = 4.0;
				TARGETED_DEVICE_FAMILY = "1,2";
			};
			name = Release;
		};
		9D694E9020B1DD5300AEED4E /* Debug */ = {
			isa = XCBuildConfiguration;
			baseConfigurationReference = 0629D7E58B68C78B291C1CBC /* Pods-EatTests.debug.xcconfig */;
			buildSettings = {
				ALWAYS_EMBED_SWIFT_STANDARD_LIBRARIES = YES;
				BUNDLE_LOADER = "$(TEST_HOST)";
				CODE_SIGN_STYLE = Automatic;
				DEVELOPMENT_TEAM = 797Q3HJ5U5;
				INFOPLIST_FILE = EatTests/Info.plist;
				LD_RUNPATH_SEARCH_PATHS = "$(inherited) @executable_path/Frameworks @loader_path/Frameworks";
				PRODUCT_BUNDLE_IDENTIFIER = com.aatech.EatTests;
				PRODUCT_NAME = "$(TARGET_NAME)";
				SWIFT_VERSION = 4.0;
				TARGETED_DEVICE_FAMILY = "1,2";
				TEST_HOST = "$(BUILT_PRODUCTS_DIR)/Eat.app/Eat";
			};
			name = Debug;
		};
		9D694E9120B1DD5300AEED4E /* Release */ = {
			isa = XCBuildConfiguration;
			baseConfigurationReference = A88B6C258942DD8C488A6364 /* Pods-EatTests.release.xcconfig */;
			buildSettings = {
				ALWAYS_EMBED_SWIFT_STANDARD_LIBRARIES = YES;
				BUNDLE_LOADER = "$(TEST_HOST)";
				CODE_SIGN_STYLE = Automatic;
				DEVELOPMENT_TEAM = 797Q3HJ5U5;
				INFOPLIST_FILE = EatTests/Info.plist;
				LD_RUNPATH_SEARCH_PATHS = "$(inherited) @executable_path/Frameworks @loader_path/Frameworks";
				PRODUCT_BUNDLE_IDENTIFIER = com.aatech.EatTests;
				PRODUCT_NAME = "$(TARGET_NAME)";
				SWIFT_VERSION = 4.0;
				TARGETED_DEVICE_FAMILY = "1,2";
				TEST_HOST = "$(BUILT_PRODUCTS_DIR)/Eat.app/Eat";
			};
			name = Release;
		};
		9D694E9320B1DD5300AEED4E /* Debug */ = {
			isa = XCBuildConfiguration;
			baseConfigurationReference = 645BA5FDB84ADDFFA0E8BB26 /* Pods-EatUITests.debug.xcconfig */;
			buildSettings = {
				ALWAYS_EMBED_SWIFT_STANDARD_LIBRARIES = YES;
				CODE_SIGN_STYLE = Automatic;
				DEVELOPMENT_TEAM = 797Q3HJ5U5;
				INFOPLIST_FILE = EatUITests/Info.plist;
				LD_RUNPATH_SEARCH_PATHS = "$(inherited) @executable_path/Frameworks @loader_path/Frameworks";
				PRODUCT_BUNDLE_IDENTIFIER = com.aatech.EatUITests;
				PRODUCT_NAME = "$(TARGET_NAME)";
				SWIFT_VERSION = 4.0;
				TARGETED_DEVICE_FAMILY = "1,2";
				TEST_TARGET_NAME = Eat;
			};
			name = Debug;
		};
		9D694E9420B1DD5300AEED4E /* Release */ = {
			isa = XCBuildConfiguration;
			baseConfigurationReference = C05C74C24C44575C922557BC /* Pods-EatUITests.release.xcconfig */;
			buildSettings = {
				ALWAYS_EMBED_SWIFT_STANDARD_LIBRARIES = YES;
				CODE_SIGN_STYLE = Automatic;
				DEVELOPMENT_TEAM = 797Q3HJ5U5;
				INFOPLIST_FILE = EatUITests/Info.plist;
				LD_RUNPATH_SEARCH_PATHS = "$(inherited) @executable_path/Frameworks @loader_path/Frameworks";
				PRODUCT_BUNDLE_IDENTIFIER = com.aatech.EatUITests;
				PRODUCT_NAME = "$(TARGET_NAME)";
				SWIFT_VERSION = 4.0;
				TARGETED_DEVICE_FAMILY = "1,2";
				TEST_TARGET_NAME = Eat;
			};
			name = Release;
		};
/* End XCBuildConfiguration section */

/* Begin XCConfigurationList section */
		9D694E5F20B1DD5200AEED4E /* Build configuration list for PBXProject "Eat" */ = {
			isa = XCConfigurationList;
			buildConfigurations = (
				9D694E8A20B1DD5300AEED4E /* Debug */,
				9D694E8B20B1DD5300AEED4E /* Release */,
			);
			defaultConfigurationIsVisible = 0;
			defaultConfigurationName = Release;
		};
		9D694E8C20B1DD5300AEED4E /* Build configuration list for PBXNativeTarget "Eat" */ = {
			isa = XCConfigurationList;
			buildConfigurations = (
				9D694E8D20B1DD5300AEED4E /* Debug */,
				9D694E8E20B1DD5300AEED4E /* Release */,
			);
			defaultConfigurationIsVisible = 0;
			defaultConfigurationName = Release;
		};
		9D694E8F20B1DD5300AEED4E /* Build configuration list for PBXNativeTarget "EatTests" */ = {
			isa = XCConfigurationList;
			buildConfigurations = (
				9D694E9020B1DD5300AEED4E /* Debug */,
				9D694E9120B1DD5300AEED4E /* Release */,
			);
			defaultConfigurationIsVisible = 0;
			defaultConfigurationName = Release;
		};
		9D694E9220B1DD5300AEED4E /* Build configuration list for PBXNativeTarget "EatUITests" */ = {
			isa = XCConfigurationList;
			buildConfigurations = (
				9D694E9320B1DD5300AEED4E /* Debug */,
				9D694E9420B1DD5300AEED4E /* Release */,
			);
			defaultConfigurationIsVisible = 0;
			defaultConfigurationName = Release;
		};
/* End XCConfigurationList section */
	};
	rootObject = 9D694E5C20B1DD5200AEED4E /* Project object */;
}
